
Microsoft Visual Studio Solution File, Format Version 12.00
# Visual Studio Version 16
VisualStudioVersion = 16.0.31829.152
MinimumVisualStudioVersion = 10.0.40219.1
Project("{9A19103F-16F7-4668-BE54-9A1E7A4F7556}") = "WebAPI", "WebAPI\WebAPI.csproj", "{B0DB1CF6-3D86-4FF4-8AF7-937E23DDEA82}"
EndProject
Project("{9A19103F-16F7-4668-BE54-9A1E7A4F7556}") = "WebApi.Test", "WebApi.Test\WebApi.Test.csproj", "{62AC2E33-6E88-4B60-AE96-2997DA1D5B71}"
EndProject
Project("{FAE04EC0-301F-11D3-BF4B-00C04F79EFBC}") = "ASPCoreMVC.App", "ASPCoreMVC.App\ASPCoreMVC.App.csproj", "{F7FD9F45-E2F4-40DA-9F14-EFB841D6ED60}"
EndProject
Global
	GlobalSection(SolutionConfigurationPlatforms) = preSolution
		Debug|Any CPU = Debug|Any CPU
		Release|Any CPU = Release|Any CPU
	EndGlobalSection
	GlobalSection(ProjectConfigurationPlatforms) = postSolution
		{B0DB1CF6-3D86-4FF4-8AF7-937E23DDEA82}.Debug|Any CPU.ActiveCfg = Debug|Any CPU
		{B0DB1CF6-3D86-4FF4-8AF7-937E23DDEA82}.Debug|Any CPU.Build.0 = Debug|Any CPU
		{B0DB1CF6-3D86-4FF4-8AF7-937E23DDEA82}.Release|Any CPU.ActiveCfg = Release|Any CPU
		{B0DB1CF6-3D86-4FF4-8AF7-937E23DDEA82}.Release|Any CPU.Build.0 = Release|Any CPU
		{62AC2E33-6E88-4B60-AE96-2997DA1D5B71}.Debug|Any CPU.ActiveCfg = Debug|Any CPU
		{62AC2E33-6E88-4B60-AE96-2997DA1D5B71}.Debug|Any CPU.Build.0 = Debug|Any CPU
		{62AC2E33-6E88-4B60-AE96-2997DA1D5B71}.Release|Any CPU.ActiveCfg = Release|Any CPU
		{62AC2E33-6E88-4B60-AE96-2997DA1D5B71}.Release|Any CPU.Build.0 = Release|Any CPU
		{F7FD9F45-E2F4-40DA-9F14-EFB841D6ED60}.Debug|Any CPU.ActiveCfg = Debug|Any CPU
		{F7FD9F45-E2F4-40DA-9F14-EFB841D6ED60}.Debug|Any CPU.Build.0 = Debug|Any CPU
		{F7FD9F45-E2F4-40DA-9F14-EFB841D6ED60}.Release|Any CPU.ActiveCfg = Release|Any CPU
		{F7FD9F45-E2F4-40DA-9F14-EFB841D6ED60}.Release|Any CPU.Build.0 = Release|Any CPU
	EndGlobalSection
	GlobalSection(SolutionProperties) = preSolution
		HideSolutionNode = FALSE
	EndGlobalSection
	GlobalSection(ExtensibilityGlobals) = postSolution
		SolutionGuid = {9226A74B-DE3E-4E0B-8A4B-13DEB4404D86}
	EndGlobalSection
EndGlobal
